
Microsoft Visual Studio Solution File, Format Version 12.00
# Visual Studio Version 16
VisualStudioVersion = 16.0.31105.61
MinimumVisualStudioVersion = 10.0.40219.1
Project("{9A19103F-16F7-4668-BE54-9A1E7A4F7556}") = "Utils", "Utils\Utils.csproj", "{9A725E3E-1E8B-4E2A-8930-3CFD3EB6AD22}"
EndProject
Project("{9A19103F-16F7-4668-BE54-9A1E7A4F7556}") = "Books.Core", "Books.Core\Books.Core.csproj", "{54C4965D-AAFF-4ED1-B149-BAA188DBAB2C}"
EndProject
Project("{9A19103F-16F7-4668-BE54-9A1E7A4F7556}") = "Books.Persistence", "Books.Persistence\Books.Persistence.csproj", "{6921B0F7-E8F5-443B-8EAD-3398A40C85F1}"
EndProject
Project("{9A19103F-16F7-4668-BE54-9A1E7A4F7556}") = "Books.ConsoleFillDb", "Books.ConsoleFillDb\Books.ConsoleFillDb.csproj", "{6C1BE69F-DE90-4453-82D1-206C52503A48}"
EndProject
Project("{FAE04EC0-301F-11D3-BF4B-00C04F79EFBC}") = "Books.Web", "Books.Web\Books.Web.csproj", "{4FCE8BFC-DCF8-447A-819D-56F57D8288C5}"
EndProject
Global
	GlobalSection(SolutionConfigurationPlatforms) = preSolution
		Debug|Any CPU = Debug|Any CPU
		Release|Any CPU = Release|Any CPU
	EndGlobalSection
	GlobalSection(ProjectConfigurationPlatforms) = postSolution
		{9A725E3E-1E8B-4E2A-8930-3CFD3EB6AD22}.Debug|Any CPU.ActiveCfg = Debug|Any CPU
		{9A725E3E-1E8B-4E2A-8930-3CFD3EB6AD22}.Debug|Any CPU.Build.0 = Debug|Any CPU
		{9A725E3E-1E8B-4E2A-8930-3CFD3EB6AD22}.Release|Any CPU.ActiveCfg = Release|Any CPU
		{9A725E3E-1E8B-4E2A-8930-3CFD3EB6AD22}.Release|Any CPU.Build.0 = Release|Any CPU
		{54C4965D-AAFF-4ED1-B149-BAA188DBAB2C}.Debug|Any CPU.ActiveCfg = Debug|Any CPU
		{54C4965D-AAFF-4ED1-B149-BAA188DBAB2C}.Debug|Any CPU.Build.0 = Debug|Any CPU
		{54C4965D-AAFF-4ED1-B149-BAA188DBAB2C}.Release|Any CPU.ActiveCfg = Release|Any CPU
		{54C4965D-AAFF-4ED1-B149-BAA188DBAB2C}.Release|Any CPU.Build.0 = Release|Any CPU
		{6921B0F7-E8F5-443B-8EAD-3398A40C85F1}.Debug|Any CPU.ActiveCfg = Debug|Any CPU
		{6921B0F7-E8F5-443B-8EAD-3398A40C85F1}.Debug|Any CPU.Build.0 = Debug|Any CPU
		{6921B0F7-E8F5-443B-8EAD-3398A40C85F1}.Release|Any CPU.ActiveCfg = Release|Any CPU
		{6921B0F7-E8F5-443B-8EAD-3398A40C85F1}.Release|Any CPU.Build.0 = Release|Any CPU
		{6C1BE69F-DE90-4453-82D1-206C52503A48}.Debug|Any CPU.ActiveCfg = Debug|Any CPU
		{6C1BE69F-DE90-4453-82D1-206C52503A48}.Debug|Any CPU.Build.0 = Debug|Any CPU
		{6C1BE69F-DE90-4453-82D1-206C52503A48}.Release|Any CPU.ActiveCfg = Release|Any CPU
		{6C1BE69F-DE90-4453-82D1-206C52503A48}.Release|Any CPU.Build.0 = Release|Any CPU
		{4FCE8BFC-DCF8-447A-819D-56F57D8288C5}.Debug|Any CPU.ActiveCfg = Debug|Any CPU
		{4FCE8BFC-DCF8-447A-819D-56F57D8288C5}.Debug|Any CPU.Build.0 = Debug|Any CPU
		{4FCE8BFC-DCF8-447A-819D-56F57D8288C5}.Release|Any CPU.ActiveCfg = Release|Any CPU
		{4FCE8BFC-DCF8-447A-819D-56F57D8288C5}.Release|Any CPU.Build.0 = Release|Any CPU
	EndGlobalSection
	GlobalSection(SolutionProperties) = preSolution
		HideSolutionNode = FALSE
	EndGlobalSection
	GlobalSection(ExtensibilityGlobals) = postSolution
		SolutionGuid = {08674229-41EC-4458-8C53-B00F50316F9C}
	EndGlobalSection
EndGlobal
